{
  "object": {
    "pins": [
      {
        "package": "SwiftTreeSitter",
        "repositoryURL": "https://github.com/tree-sitter/swift-tree-sitter",
        "state": {
          "branch": null,
          "revision": "f97df585296977d8fcaf644cbde567151d1367b8",
          "version": "0.10.0"
        }
      },
	  {
        "package": "TreeSitter",
        "repositoryURL": "https://github.com/tree-sitter/tree-sitter",
        "state": {
          "branch": null,
          "revision": "808e4b1fc06e269a107c4bd8bd936cc6fde18b00",
          "version": "0.26.12"
        }
      }
    ]
  },
  "version": 1
}
